
Microsoft Visual Studio Solution File, Format Version 12.00
# Visual Studio 14
VisualStudioVersion = 14.0.25420.1
MinimumVisualStudioVersion = 10.0.40219.1
Project("{FAE04EC0-301F-11D3-BF4B-00C04F79EFBC}") = "Task1", "Task1\Task1.csproj", "{D86C87A1-84D5-4B34-B635-D59885BCDAC1}"
EndProject
Project("{FAE04EC0-301F-11D3-BF4B-00C04F79EFBC}") = "Task1UI", "Task1UI\Task1UI.csproj", "{14E05090-0CBB-4C5F-BFD8-3C7678A1C6A1}"
EndProject
Project("{FAE04EC0-301F-11D3-BF4B-00C04F79EFBC}") = "Task2", "Task2\Task2.csproj", "{111E0E22-AE92-4B09-808C-D636F1B7F611}"
EndProject
Project("{FAE04EC0-301F-11D3-BF4B-00C04F79EFBC}") = "Task2UI", "Task2UI\Task2UI.csproj", "{A7EA1B59-75BA-459E-A989-8DDCDB29EBB3}"
EndProject
Project("{FAE04EC0-301F-11D3-BF4B-00C04F79EFBC}") = "Task3UI", "Task3UI\Task3UI.csproj", "{9C56B363-6229-4F45-BD39-3CCBEBC87922}"
EndProject
Project("{FAE04EC0-301F-11D3-BF4B-00C04F79EFBC}") = "Task3", "Task3\Task3.csproj", "{D435E6E8-C2BC-4921-BEF7-858B01B6FBB8}"
EndProject
Project("{FAE04EC0-301F-11D3-BF4B-00C04F79EFBC}") = "Task1.Tests", "Task1.Tests\Task1.Tests.csproj", "{B5FA28F1-43FF-4470-8D97-BF9005B23200}"
EndProject
Project("{FAE04EC0-301F-11D3-BF4B-00C04F79EFBC}") = "Task2.Tests", "Task2.Tests\Task2.Tests.csproj", "{220A589D-5947-4986-ACFE-96A36AB5ABA8}"
EndProject
Project("{FAE04EC0-301F-11D3-BF4B-00C04F79EFBC}") = "Task3.Tests", "Task3.Tests\Task3.Tests.csproj", "{5B5BED6F-7A0A-482D-B335-B86F66561E4F}"
EndProject
Project("{FAE04EC0-301F-11D3-BF4B-00C04F79EFBC}") = "Task1.NUnitTests", "Task1.NUnitTests\Task1.NUnitTests.csproj", "{B9DB65A9-D3BA-4493-87F9-E6319CC7C207}"
EndProject
Project("{FAE04EC0-301F-11D3-BF4B-00C04F79EFBC}") = "Task2.NUnitTests", "Task2.NUnitTests\Task2.NUnitTests.csproj", "{73A05568-2A54-41CA-B6C4-1FBDA4D1E849}"
EndProject
Global
	GlobalSection(SolutionConfigurationPlatforms) = preSolution
		Debug|Any CPU = Debug|Any CPU
		Release|Any CPU = Release|Any CPU
	EndGlobalSection
	GlobalSection(ProjectConfigurationPlatforms) = postSolution
		{D86C87A1-84D5-4B34-B635-D59885BCDAC1}.Debug|Any CPU.ActiveCfg = Debug|Any CPU
		{D86C87A1-84D5-4B34-B635-D59885BCDAC1}.Debug|Any CPU.Build.0 = Debug|Any CPU
		{D86C87A1-84D5-4B34-B635-D59885BCDAC1}.Release|Any CPU.ActiveCfg = Release|Any CPU
		{D86C87A1-84D5-4B34-B635-D59885BCDAC1}.Release|Any CPU.Build.0 = Release|Any CPU
		{14E05090-0CBB-4C5F-BFD8-3C7678A1C6A1}.Debug|Any CPU.ActiveCfg = Debug|Any CPU
		{14E05090-0CBB-4C5F-BFD8-3C7678A1C6A1}.Debug|Any CPU.Build.0 = Debug|Any CPU
		{14E05090-0CBB-4C5F-BFD8-3C7678A1C6A1}.Release|Any CPU.ActiveCfg = Release|Any CPU
		{14E05090-0CBB-4C5F-BFD8-3C7678A1C6A1}.Release|Any CPU.Build.0 = Release|Any CPU
		{111E0E22-AE92-4B09-808C-D636F1B7F611}.Debug|Any CPU.ActiveCfg = Debug|Any CPU
		{111E0E22-AE92-4B09-808C-D636F1B7F611}.Debug|Any CPU.Build.0 = Debug|Any CPU
		{111E0E22-AE92-4B09-808C-D636F1B7F611}.Release|Any CPU.ActiveCfg = Release|Any CPU
		{111E0E22-AE92-4B09-808C-D636F1B7F611}.Release|Any CPU.Build.0 = Release|Any CPU
		{A7EA1B59-75BA-459E-A989-8DDCDB29EBB3}.Debug|Any CPU.ActiveCfg = Debug|Any CPU
		{A7EA1B59-75BA-459E-A989-8DDCDB29EBB3}.Debug|Any CPU.Build.0 = Debug|Any CPU
		{A7EA1B59-75BA-459E-A989-8DDCDB29EBB3}.Release|Any CPU.ActiveCfg = Release|Any CPU
		{A7EA1B59-75BA-459E-A989-8DDCDB29EBB3}.Release|Any CPU.Build.0 = Release|Any CPU
		{9C56B363-6229-4F45-BD39-3CCBEBC87922}.Debug|Any CPU.ActiveCfg = Debug|Any CPU
		{9C56B363-6229-4F45-BD39-3CCBEBC87922}.Debug|Any CPU.Build.0 = Debug|Any CPU
		{9C56B363-6229-4F45-BD39-3CCBEBC87922}.Release|Any CPU.ActiveCfg = Release|Any CPU
		{9C56B363-6229-4F45-BD39-3CCBEBC87922}.Release|Any CPU.Build.0 = Release|Any CPU
		{D435E6E8-C2BC-4921-BEF7-858B01B6FBB8}.Debug|Any CPU.ActiveCfg = Debug|Any CPU
		{D435E6E8-C2BC-4921-BEF7-858B01B6FBB8}.Debug|Any CPU.Build.0 = Debug|Any CPU
		{D435E6E8-C2BC-4921-BEF7-858B01B6FBB8}.Release|Any CPU.ActiveCfg = Release|Any CPU
		{D435E6E8-C2BC-4921-BEF7-858B01B6FBB8}.Release|Any CPU.Build.0 = Release|Any CPU
		{B5FA28F1-43FF-4470-8D97-BF9005B23200}.Debug|Any CPU.ActiveCfg = Debug|Any CPU
		{B5FA28F1-43FF-4470-8D97-BF9005B23200}.Debug|Any CPU.Build.0 = Debug|Any CPU
		{B5FA28F1-43FF-4470-8D97-BF9005B23200}.Release|Any CPU.ActiveCfg = Release|Any CPU
		{B5FA28F1-43FF-4470-8D97-BF9005B23200}.Release|Any CPU.Build.0 = Release|Any CPU
		{220A589D-5947-4986-ACFE-96A36AB5ABA8}.Debug|Any CPU.ActiveCfg = Debug|Any CPU
		{220A589D-5947-4986-ACFE-96A36AB5ABA8}.Debug|Any CPU.Build.0 = Debug|Any CPU
		{220A589D-5947-4986-ACFE-96A36AB5ABA8}.Release|Any CPU.ActiveCfg = Release|Any CPU
		{220A589D-5947-4986-ACFE-96A36AB5ABA8}.Release|Any CPU.Build.0 = Release|Any CPU
		{5B5BED6F-7A0A-482D-B335-B86F66561E4F}.Debug|Any CPU.ActiveCfg = Debug|Any CPU
		{5B5BED6F-7A0A-482D-B335-B86F66561E4F}.Debug|Any CPU.Build.0 = Debug|Any CPU
		{5B5BED6F-7A0A-482D-B335-B86F66561E4F}.Release|Any CPU.ActiveCfg = Release|Any CPU
		{5B5BED6F-7A0A-482D-B335-B86F66561E4F}.Release|Any CPU.Build.0 = Release|Any CPU
		{B9DB65A9-D3BA-4493-87F9-E6319CC7C207}.Debug|Any CPU.ActiveCfg = Debug|Any CPU
		{B9DB65A9-D3BA-4493-87F9-E6319CC7C207}.Debug|Any CPU.Build.0 = Debug|Any CPU
		{B9DB65A9-D3BA-4493-87F9-E6319CC7C207}.Release|Any CPU.ActiveCfg = Release|Any CPU
		{B9DB65A9-D3BA-4493-87F9-E6319CC7C207}.Release|Any CPU.Build.0 = Release|Any CPU
		{73A05568-2A54-41CA-B6C4-1FBDA4D1E849}.Debug|Any CPU.ActiveCfg = Debug|Any CPU
		{73A05568-2A54-41CA-B6C4-1FBDA4D1E849}.Debug|Any CPU.Build.0 = Debug|Any CPU
		{73A05568-2A54-41CA-B6C4-1FBDA4D1E849}.Release|Any CPU.ActiveCfg = Release|Any CPU
		{73A05568-2A54-41CA-B6C4-1FBDA4D1E849}.Release|Any CPU.Build.0 = Release|Any CPU
	EndGlobalSection
	GlobalSection(SolutionProperties) = preSolution
		HideSolutionNode = FALSE
	EndGlobalSection
EndGlobal
